# THIS IS AN AUTOGENERATED FILE. DO NOT EDIT THIS FILE DIRECTLY.
# yarn lockfile v1


nginxbeautifier@^1.0.19:
  version "1.0.19"
  resolved "https://registry.yarnpkg.com/nginxbeautifier/-/nginxbeautifier-1.0.19.tgz#d8e3dd7fc744535a6e00b4aa0a6a6f179ceaeaac"
  integrity sha512-Gmx8qZbJtemVvHOQEQMu2GrNLwODzs//lWe3h6kFDJpCviObjj3+A4bb21wEhtIrIH4/ZWUCqpkfemEBIMlSvQ==
